
Microsoft Visual Studio Solution File, Format Version 12.00
Project("{FAE04EC0-301F-11D3-BF4B-00C04F79EFBC}") = "RefraSin.Coordinates", "RefraSin.Coordinates\RefraSin.Coordinates.csproj", "{9295D188-EBFE-4D7E-9808-1D9FDDAACE5C}"
EndProject
Project("{FAE04EC0-301F-11D3-BF4B-00C04F79EFBC}") = "RefraSin.Enumerables", "RefraSin.Enumerables\RefraSin.Enumerables.csproj", "{419166CB-1D2F-4800-9306-1725E48BD39F}"
EndProject
Project("{FAE04EC0-301F-11D3-BF4B-00C04F79EFBC}") = "RefraSin.Coordinates.Test", "RefraSin.Coordinates.Test\RefraSin.Coordinates.Test.csproj", "{7EC99934-5255-4A0E-B69C-57DE41F0BEA1}"
EndProject
Project("{FAE04EC0-301F-11D3-BF4B-00C04F79EFBC}") = "RefraSin.Enumerables.Test", "RefraSin.Enumerables.Test\RefraSin.Enumerables.Test.csproj", "{5259A209-D292-420F-B61A-44D95EDD70FA}"
EndProject
Project("{FAE04EC0-301F-11D3-BF4B-00C04F79EFBC}") = "RefraSin.Storage", "RefraSin.Storage\RefraSin.Storage.csproj", "{50FE80D5-0B7C-4ED4-95DF-B791CF05D23C}"
EndProject
Project("{FAE04EC0-301F-11D3-BF4B-00C04F79EFBC}") = "RefraSin.ParticleModel", "RefraSin.ParticleModel\RefraSin.ParticleModel.csproj", "{B32E8C4B-B3EA-4D83-9E05-34DB252CF43E}"
EndProject
Project("{FAE04EC0-301F-11D3-BF4B-00C04F79EFBC}") = "RefraSin.MaterialData", "RefraSin.MaterialData\RefraSin.MaterialData.csproj", "{C028725B-30D7-44FA-83AB-5A947A113077}"
EndProject
Project("{FAE04EC0-301F-11D3-BF4B-00C04F79EFBC}") = "RefraSin.TEPSolver", "RefraSin.TEPSolver\RefraSin.TEPSolver.csproj", "{8A5C535F-D697-4C10-BEB5-D5722AACDE00}"
EndProject
Project("{FAE04EC0-301F-11D3-BF4B-00C04F79EFBC}") = "RefraSin.ParticleModel.Test", "RefraSin.ParticleModel.Test\RefraSin.ParticleModel.Test.csproj", "{6B6FA91D-C6A0-45C8-B722-4B5868A4EA73}"
EndProject
Project("{FAE04EC0-301F-11D3-BF4B-00C04F79EFBC}") = "Refrasin.Hdf5Storage", "Refrasin.Hdf5Storage\Refrasin.Hdf5Storage.csproj", "{7116BF2A-8533-4C5F-AFC7-5B005EFC6C88}"
EndProject
Project("{FAE04EC0-301F-11D3-BF4B-00C04F79EFBC}") = "RefraSin.Hdf5Storage.Test", "RefraSin.Hdf5Storage.Test\RefraSin.Hdf5Storage.Test.csproj", "{E1DF96B4-759A-43EE-A04C-3F354CF26152}"
EndProject
Project("{FAE04EC0-301F-11D3-BF4B-00C04F79EFBC}") = "RefraSin.TEPSolver.Test", "RefraSin.TEPSolver.Test\RefraSin.TEPSolver.Test.csproj", "{627870BA-9F85-495B-86AE-1FEDC7F47D9A}"
EndProject
Project("{FAE04EC0-301F-11D3-BF4B-00C04F79EFBC}") = "RefraSin.ProcessModel", "RefraSin.ProcessModel\RefraSin.ProcessModel.csproj", "{D8938CCB-4045-46E2-A46D-832F0541FD8D}"
EndProject
Project("{FAE04EC0-301F-11D3-BF4B-00C04F79EFBC}") = "RefraSin.Graphs", "RefraSin.Graphs\RefraSin.Graphs.csproj", "{24385645-EC6B-46D4-98D0-CF5612AED935}"
EndProject
Project("{FAE04EC0-301F-11D3-BF4B-00C04F79EFBC}") = "RefraSin.Graphs.Tests", "RefraSin.Graphs.Tests\RefraSin.Graphs.Tests.csproj", "{EC11CBB1-3A32-4BE5-955A-FDCB10B4C16C}"
EndProject
Global
	GlobalSection(SolutionConfigurationPlatforms) = preSolution
		Debug|Any CPU = Debug|Any CPU
		Release|Any CPU = Release|Any CPU
	EndGlobalSection
	GlobalSection(ProjectConfigurationPlatforms) = postSolution
		{9295D188-EBFE-4D7E-9808-1D9FDDAACE5C}.Debug|Any CPU.ActiveCfg = Debug|Any CPU
		{9295D188-EBFE-4D7E-9808-1D9FDDAACE5C}.Debug|Any CPU.Build.0 = Debug|Any CPU
		{9295D188-EBFE-4D7E-9808-1D9FDDAACE5C}.Release|Any CPU.ActiveCfg = Release|Any CPU
		{9295D188-EBFE-4D7E-9808-1D9FDDAACE5C}.Release|Any CPU.Build.0 = Release|Any CPU
		{419166CB-1D2F-4800-9306-1725E48BD39F}.Debug|Any CPU.ActiveCfg = Debug|Any CPU
		{419166CB-1D2F-4800-9306-1725E48BD39F}.Debug|Any CPU.Build.0 = Debug|Any CPU
		{419166CB-1D2F-4800-9306-1725E48BD39F}.Release|Any CPU.ActiveCfg = Release|Any CPU
		{419166CB-1D2F-4800-9306-1725E48BD39F}.Release|Any CPU.Build.0 = Release|Any CPU
		{7EC99934-5255-4A0E-B69C-57DE41F0BEA1}.Debug|Any CPU.ActiveCfg = Debug|Any CPU
		{7EC99934-5255-4A0E-B69C-57DE41F0BEA1}.Debug|Any CPU.Build.0 = Debug|Any CPU
		{7EC99934-5255-4A0E-B69C-57DE41F0BEA1}.Release|Any CPU.ActiveCfg = Release|Any CPU
		{7EC99934-5255-4A0E-B69C-57DE41F0BEA1}.Release|Any CPU.Build.0 = Release|Any CPU
		{5259A209-D292-420F-B61A-44D95EDD70FA}.Debug|Any CPU.ActiveCfg = Debug|Any CPU
		{5259A209-D292-420F-B61A-44D95EDD70FA}.Debug|Any CPU.Build.0 = Debug|Any CPU
		{5259A209-D292-420F-B61A-44D95EDD70FA}.Release|Any CPU.ActiveCfg = Release|Any CPU
		{5259A209-D292-420F-B61A-44D95EDD70FA}.Release|Any CPU.Build.0 = Release|Any CPU
		{50FE80D5-0B7C-4ED4-95DF-B791CF05D23C}.Debug|Any CPU.ActiveCfg = Debug|Any CPU
		{50FE80D5-0B7C-4ED4-95DF-B791CF05D23C}.Debug|Any CPU.Build.0 = Debug|Any CPU
		{50FE80D5-0B7C-4ED4-95DF-B791CF05D23C}.Release|Any CPU.ActiveCfg = Release|Any CPU
		{50FE80D5-0B7C-4ED4-95DF-B791CF05D23C}.Release|Any CPU.Build.0 = Release|Any CPU
		{B32E8C4B-B3EA-4D83-9E05-34DB252CF43E}.Debug|Any CPU.ActiveCfg = Debug|Any CPU
		{B32E8C4B-B3EA-4D83-9E05-34DB252CF43E}.Debug|Any CPU.Build.0 = Debug|Any CPU
		{B32E8C4B-B3EA-4D83-9E05-34DB252CF43E}.Release|Any CPU.ActiveCfg = Release|Any CPU
		{B32E8C4B-B3EA-4D83-9E05-34DB252CF43E}.Release|Any CPU.Build.0 = Release|Any CPU
		{C028725B-30D7-44FA-83AB-5A947A113077}.Debug|Any CPU.ActiveCfg = Debug|Any CPU
		{C028725B-30D7-44FA-83AB-5A947A113077}.Debug|Any CPU.Build.0 = Debug|Any CPU
		{C028725B-30D7-44FA-83AB-5A947A113077}.Release|Any CPU.ActiveCfg = Release|Any CPU
		{C028725B-30D7-44FA-83AB-5A947A113077}.Release|Any CPU.Build.0 = Release|Any CPU
		{8A5C535F-D697-4C10-BEB5-D5722AACDE00}.Debug|Any CPU.ActiveCfg = Debug|Any CPU
		{8A5C535F-D697-4C10-BEB5-D5722AACDE00}.Debug|Any CPU.Build.0 = Debug|Any CPU
		{8A5C535F-D697-4C10-BEB5-D5722AACDE00}.Release|Any CPU.ActiveCfg = Release|Any CPU
		{8A5C535F-D697-4C10-BEB5-D5722AACDE00}.Release|Any CPU.Build.0 = Release|Any CPU
		{6B6FA91D-C6A0-45C8-B722-4B5868A4EA73}.Debug|Any CPU.ActiveCfg = Debug|Any CPU
		{6B6FA91D-C6A0-45C8-B722-4B5868A4EA73}.Debug|Any CPU.Build.0 = Debug|Any CPU
		{6B6FA91D-C6A0-45C8-B722-4B5868A4EA73}.Release|Any CPU.ActiveCfg = Release|Any CPU
		{6B6FA91D-C6A0-45C8-B722-4B5868A4EA73}.Release|Any CPU.Build.0 = Release|Any CPU
		{7116BF2A-8533-4C5F-AFC7-5B005EFC6C88}.Debug|Any CPU.ActiveCfg = Debug|Any CPU
		{7116BF2A-8533-4C5F-AFC7-5B005EFC6C88}.Debug|Any CPU.Build.0 = Debug|Any CPU
		{7116BF2A-8533-4C5F-AFC7-5B005EFC6C88}.Release|Any CPU.ActiveCfg = Release|Any CPU
		{7116BF2A-8533-4C5F-AFC7-5B005EFC6C88}.Release|Any CPU.Build.0 = Release|Any CPU
		{E1DF96B4-759A-43EE-A04C-3F354CF26152}.Debug|Any CPU.ActiveCfg = Debug|Any CPU
		{E1DF96B4-759A-43EE-A04C-3F354CF26152}.Debug|Any CPU.Build.0 = Debug|Any CPU
		{E1DF96B4-759A-43EE-A04C-3F354CF26152}.Release|Any CPU.ActiveCfg = Release|Any CPU
		{E1DF96B4-759A-43EE-A04C-3F354CF26152}.Release|Any CPU.Build.0 = Release|Any CPU
		{627870BA-9F85-495B-86AE-1FEDC7F47D9A}.Debug|Any CPU.ActiveCfg = Debug|Any CPU
		{627870BA-9F85-495B-86AE-1FEDC7F47D9A}.Debug|Any CPU.Build.0 = Debug|Any CPU
		{627870BA-9F85-495B-86AE-1FEDC7F47D9A}.Release|Any CPU.ActiveCfg = Release|Any CPU
		{627870BA-9F85-495B-86AE-1FEDC7F47D9A}.Release|Any CPU.Build.0 = Release|Any CPU
		{D8938CCB-4045-46E2-A46D-832F0541FD8D}.Debug|Any CPU.ActiveCfg = Debug|Any CPU
		{D8938CCB-4045-46E2-A46D-832F0541FD8D}.Debug|Any CPU.Build.0 = Debug|Any CPU
		{D8938CCB-4045-46E2-A46D-832F0541FD8D}.Release|Any CPU.ActiveCfg = Release|Any CPU
		{D8938CCB-4045-46E2-A46D-832F0541FD8D}.Release|Any CPU.Build.0 = Release|Any CPU
		{24385645-EC6B-46D4-98D0-CF5612AED935}.Debug|Any CPU.ActiveCfg = Debug|Any CPU
		{24385645-EC6B-46D4-98D0-CF5612AED935}.Debug|Any CPU.Build.0 = Debug|Any CPU
		{24385645-EC6B-46D4-98D0-CF5612AED935}.Release|Any CPU.ActiveCfg = Release|Any CPU
		{24385645-EC6B-46D4-98D0-CF5612AED935}.Release|Any CPU.Build.0 = Release|Any CPU
		{EC11CBB1-3A32-4BE5-955A-FDCB10B4C16C}.Debug|Any CPU.ActiveCfg = Debug|Any CPU
		{EC11CBB1-3A32-4BE5-955A-FDCB10B4C16C}.Debug|Any CPU.Build.0 = Debug|Any CPU
		{EC11CBB1-3A32-4BE5-955A-FDCB10B4C16C}.Release|Any CPU.ActiveCfg = Release|Any CPU
		{EC11CBB1-3A32-4BE5-955A-FDCB10B4C16C}.Release|Any CPU.Build.0 = Release|Any CPU
	EndGlobalSection
	GlobalSection(NestedProjects) = preSolution
	EndGlobalSection
EndGlobal
